
Microsoft Visual Studio Solution File, Format Version 12.00
# Visual Studio Version 17
VisualStudioVersion = 17.1.32319.34
MinimumVisualStudioVersion = 10.0.40219.1
Project("{9A19103F-16F7-4668-BE54-9A1E7A4F7556}") = "Fox", "Fox\Fox.csproj", "{33059A24-58D0-4403-AE74-3DAECD0A045C}"
EndProject
Project("{FAE04EC0-301F-11D3-BF4B-00C04F79EFBC}") = "Fox.Tests", "Fox.Tests\Fox.Tests.csproj", "{552CA624-2466-4456-8460-7A57CA378D4C}"
EndProject
Global
	GlobalSection(SolutionConfigurationPlatforms) = preSolution
		Debug|Any CPU = Debug|Any CPU
		Release|Any CPU = Release|Any CPU
	EndGlobalSection
	GlobalSection(ProjectConfigurationPlatforms) = postSolution
		{33059A24-58D0-4403-AE74-3DAECD0A045C}.Debug|Any CPU.ActiveCfg = Debug|Any CPU
		{33059A24-58D0-4403-AE74-3DAECD0A045C}.Debug|Any CPU.Build.0 = Debug|Any CPU
		{33059A24-58D0-4403-AE74-3DAECD0A045C}.Release|Any CPU.ActiveCfg = Release|Any CPU
		{33059A24-58D0-4403-AE74-3DAECD0A045C}.Release|Any CPU.Build.0 = Release|Any CPU
		{552CA624-2466-4456-8460-7A57CA378D4C}.Debug|Any CPU.ActiveCfg = Debug|Any CPU
		{552CA624-2466-4456-8460-7A57CA378D4C}.Debug|Any CPU.Build.0 = Debug|Any CPU
		{552CA624-2466-4456-8460-7A57CA378D4C}.Release|Any CPU.ActiveCfg = Release|Any CPU
		{552CA624-2466-4456-8460-7A57CA378D4C}.Release|Any CPU.Build.0 = Release|Any CPU
	EndGlobalSection
	GlobalSection(SolutionProperties) = preSolution
		HideSolutionNode = FALSE
	EndGlobalSection
	GlobalSection(ExtensibilityGlobals) = postSolution
		SolutionGuid = {3499D932-3226-4DF9-AC2F-0D8E19A5CC46}
	EndGlobalSection
EndGlobal
